// !$*UTF8*$!
{
	archiveVersion = 1;
	classes = {
	};
	objectVersion = 77;
	objects = {

/* Begin PBXContainerItemProxy section */
		7CF5E4152D168014002600CE /* PBXContainerItemProxy */ = {
			isa = PBXContainerItemProxy;
			containerPortal = 7CF5E3F62D168011002600CE /* Project object */;
			proxyType = 1;
			remoteGlobalIDString = 7CF5E3FD2D168011002600CE;
			remoteInfo = "Two-Button Challenge";
		};
		7CF5E41F2D168014002600CE /* PBXContainerItemProxy */ = {
			isa = PBXContainerItemProxy;
			containerPortal = 7CF5E3F62D168011002600CE /* Project object */;
			proxyType = 1;
			remoteGlobalIDString = 7CF5E3FD2D168011002600CE;
			remoteInfo = "Two-Button Challenge";
		};
/* End PBXContainerItemProxy section */

/* Begin PBXFileReference section */
		7CF5E3FE2D168011002600CE /* Two-Button Challenge.app */ = {isa = PBXFileReference; explicitFileType = wrapper.application; includeInIndex = 0; path = "Two-Button Challenge.app"; sourceTree = BUILT_PRODUCTS_DIR; };
		7CF5E4142D168014002600CE /* Two-Button ChallengeTests.xctest */ = {isa = PBXFileReference; explicitFileType = wrapper.cfbundle; includeInIndex = 0; path = "Two-Button ChallengeTests.xctest"; sourceTree = BUILT_PRODUCTS_DIR; };
		7CF5E41E2D168014002600CE /* Two-Button ChallengeUITests.xctest */ = {isa = PBXFileReference; explicitFileType = wrapper.cfbundle; includeInIndex = 0; path = "Two-Button ChallengeUITests.xctest"; sourceTree = BUILT_PRODUCTS_DIR; };
/* End PBXFileReference section */

/* Begin PBXFileSystemSynchronizedBuildFileExceptionSet section */
		7CF5E4262D168014002600CE /* Exceptions for "Two-Button Challenge" folder in "Two-Button Challenge" target */ = {
			isa = PBXFileSystemSynchronizedBuildFileExceptionSet;
			membershipExceptions = (
				Info.plist,
			);
			target = 7CF5E3FD2D168011002600CE /* Two-Button Challenge */;
		};
/* End PBXFileSystemSynchronizedBuildFileExceptionSet section */

/* Begin PBXFileSystemSynchronizedRootGroup section */
		7CF5E4002D168011002600CE /* Two-Button Challenge */ = {
			isa = PBXFileSystemSynchronizedRootGroup;
			exceptions = (
				7CF5E4262D168014002600CE /* Exceptions for "Two-Button Challenge" folder in "Two-Button Challenge" target */,
			);
			path = "Two-Button Challenge";
			sourceTree = "<group>";
		};
		7CF5E4172D168014002600CE /* Two-Button ChallengeTests */ = {
			isa = PBXFileSystemSynchronizedRootGroup;
			path = "Two-Button ChallengeTests";
			sourceTree = "<group>";
		};
		7CF5E4212D168014002600CE /* Two-Button ChallengeUITests */ = {
			isa = PBXFileSystemSynchronizedRootGroup;
			path = "Two-Button ChallengeUITests";
			sourceTree = "<group>";
		};
/* End PBXFileSystemSynchronizedRootGroup section */

/* Begin PBXFrameworksBuildPhase section */
		7CF5E3FB2D168011002600CE /* Frameworks */ = {
			isa = PBXFrameworksBuildPhase;
			buildActionMask = 2147483647;
			files = (
			);
			runOnlyForDeploymentPostprocessing = 0;
		};
		7CF5E4112D168014002600CE /* Frameworks */ = {
			isa = PBXFrameworksBuildPhase;
			buildActionMask = 2147483647;
			files = (
			);
			runOnlyForDeploymentPostprocessing = 0;
		};
		7CF5E41B2D168014002600CE /* Frameworks */ = {
			isa = PBXFrameworksBuildPhase;
			buildActionMask = 2147483647;
			files = (
			);
			runOnlyForDeploymentPostprocessing = 0;
		};
/* End PBXFrameworksBuildPhase section */

/* Begin PBXGroup section */
		7CF5E3F52D168011002600CE = {
			isa = PBXGroup;
			children = (
				7CF5E4002D168011002600CE /* Two-Button Challenge */,
				7CF5E4172D168014002600CE /* Two-Button ChallengeTests */,
				7CF5E4212D168014002600CE /* Two-Button ChallengeUITests */,
				7CF5E3FF2D168011002600CE /* Products */,
			);
			sourceTree = "<group>";
		};
		7CF5E3FF2D168011002600CE /* Products */ = {
			isa = PBXGroup;
			children = (
				7CF5E3FE2D168011002600CE /* Two-Button Challenge.app */,
				7CF5E4142D168014002600CE /* Two-Button ChallengeTests.xctest */,
				7CF5E41E2D168014002600CE /* Two-Button ChallengeUITests.xctest */,
			);
			name = Products;
			sourceTree = "<group>";
		};
/* End PBXGroup section */

/* Begin PBXNativeTarget section */
		7CF5E3FD2D168011002600CE /* Two-Button Challenge */ = {
			isa = PBXNativeTarget;
			buildConfigurationList = 7CF5E4272D168014002600CE /* Build configuration list for PBXNativeTarget "Two-Button Challenge" */;
			buildPhases = (
				7CF5E3FA2D168011002600CE /* Sources */,
				7CF5E3FB2D168011002600CE /* Frameworks */,
				7CF5E3FC2D168011002600CE /* Resources */,
			);
			buildRules = (
			);
			dependencies = (
			);
			fileSystemSynchronizedGroups = (
				7CF5E4002D168011002600CE /* Two-Button Challenge */,
			);
			name = "Two-Button Challenge";
			packageProductDependencies = (
			);
			productName = "Two-Button Challenge";
			productReference = 7CF5E3FE2D168011002600CE /* Two-Button Challenge.app */;
			productType = "com.apple.product-type.application";
		};
		7CF5E4132D168014002600CE /* Two-Button ChallengeTests */ = {
			isa = PBXNativeTarget;
			buildConfigurationList = 7CF5E42C2D168014002600CE /* Build configuration list for PBXNativeTarget "Two-Button ChallengeTests" */;
			buildPhases = (
				7CF5E4102D168014002600CE /* Sources */,
				7CF5E4112D168014002600CE /* Frameworks */,
				7CF5E4122D168014002600CE /* Resources */,
			);
			buildRules = (
			);
			dependencies = (
				7CF5E4162D168014002600CE /* PBXTargetDependency */,
			);
			fileSystemSynchronizedGroups = (
				7CF5E4172D168014002600CE /* Two-Button ChallengeTests */,
			);
			name = "Two-Button ChallengeTests";
			packageProductDependencies = (
			);
			productName = "Two-Button ChallengeTests";
			productReference = 7CF5E4142D168014002600CE /* Two-Button ChallengeTests.xctest */;
			productType = "com.apple.product-type.bundle.unit-test";
		};
		7CF5E41D2D168014002600CE /* Two-Button ChallengeUITests */ = {
			isa = PBXNativeTarget;
			buildConfigurationList = 7CF5E42F2D168014002600CE /* Build configuration list for PBXNativeTarget "Two-Button ChallengeUITests" */;
			buildPhases = (
				7CF5E41A2D168014002600CE /* Sources */,
				7CF5E41B2D168014002600CE /* Frameworks */,
				7CF5E41C2D168014002600CE /* Resources */,
			);
			buildRules = (
			);
			dependencies = (
				7CF5E4202D168014002600CE /* PBXTargetDependency */,
			);
			fileSystemSynchronizedGroups = (
				7CF5E4212D168014002600CE /* Two-Button ChallengeUITests */,
			);
			name = "Two-Button ChallengeUITests";
			packageProductDependencies = (
			);
			productName = "Two-Button ChallengeUITests";
			productReference = 7CF5E41E2D168014002600CE /* Two-Button ChallengeUITests.xctest */;
			productType = "com.apple.product-type.bundle.ui-testing";
		};
/* End PBXNativeTarget section */

/* Begin PBXProject section */
		7CF5E3F62D168011002600CE /* Project object */ = {
			isa = PBXProject;
			attributes = {
				BuildIndependentTargetsInParallel = 1;
				LastSwiftUpdateCheck = 1620;
				LastUpgradeCheck = 1620;
				TargetAttributes = {
					7CF5E3FD2D168011002600CE = {
						CreatedOnToolsVersion = 16.2;
					};
					7CF5E4132D168014002600CE = {
						CreatedOnToolsVersion = 16.2;
						TestTargetID = 7CF5E3FD2D168011002600CE;
					};
					7CF5E41D2D168014002600CE = {
						CreatedOnToolsVersion = 16.2;
						TestTargetID = 7CF5E3FD2D168011002600CE;
					};
				};
			};
			buildConfigurationList = 7CF5E3F92D168011002600CE /* Build configuration list for PBXProject "Two-Button Challenge" */;
			developmentRegion = en;
			hasScannedForEncodings = 0;
			knownRegions = (
				en,
				Base,
			);
			mainGroup = 7CF5E3F52D168011002600CE;
			minimizedProjectReferenceProxies = 1;
			preferredProjectObjectVersion = 77;
			productRefGroup = 7CF5E3FF2D168011002600CE /* Products */;
			projectDirPath = "";
			projectRoot = "";
			targets = (
				7CF5E3FD2D168011002600CE /* Two-Button Challenge */,
				7CF5E4132D168014002600CE /* Two-Button ChallengeTests */,
				7CF5E41D2D168014002600CE /* Two-Button ChallengeUITests */,
			);
		};
/* End PBXProject section */

/* Begin PBXResourcesBuildPhase section */
		7CF5E3FC2D168011002600CE /* Resources */ = {
			isa = PBXResourcesBuildPhase;
			buildActionMask = 2147483647;
			files = (
			);
			runOnlyForDeploymentPostprocessing = 0;
		};
		7CF5E4122D168014002600CE /* Resources */ = {
			isa = PBXResourcesBuildPhase;
			buildActionMask = 2147483647;
			files = (
			);
			runOnlyForDeploymentPostprocessing = 0;
		};
		7CF5E41C2D168014002600CE /* Resources */ = {
			isa = PBXResourcesBuildPhase;
			buildActionMask = 2147483647;
			files = (
			);
			runOnlyForDeploymentPostprocessing = 0;
		};
/* End PBXResourcesBuildPhase section */

/* Begin PBXSourcesBuildPhase section */
		7CF5E3FA2D168011002600CE /* Sources */ = {
			isa = PBXSourcesBuildPhase;
			buildActionMask = 2147483647;
			files = (
			);
			runOnlyForDeploymentPostprocessing = 0;
		};
		7CF5E4102D168014002600CE /* Sources */ = {
			isa = PBXSourcesBuildPhase;
			buildActionMask = 2147483647;
			files = (
			);
			runOnlyForDeploymentPostprocessing = 0;
		};
		7CF5E41A2D168014002600CE /* Sources */ = {
			isa = PBXSourcesBuildPhase;
			buildActionMask = 2147483647;
			files = (
			);
			runOnlyForDeploymentPostprocessing = 0;
		};
/* End PBXSourcesBuildPhase section */

/* Begin PBXTargetDependency section */
		7CF5E4162D168014002600CE /* PBXTargetDependency */ = {
			isa = PBXTargetDependency;
			target = 7CF5E3FD2D168011002600CE /* Two-Button Challenge */;
			targetProxy = 7CF5E4152D168014002600CE /* PBXContainerItemProxy */;
		};
		7CF5E4202D168014002600CE /* PBXTargetDependency */ = {
			isa = PBXTargetDependency;
			target = 7CF5E3FD2D168011002600CE /* Two-Button Challenge */;
			targetProxy = 7CF5E41F2D168014002600CE /* PBXContainerItemProxy */;
		};
/* End PBXTargetDependency section */

/* Begin XCBuildConfiguration section */
		7CF5E4282D168014002600CE /* Debug */ = {
			isa = XCBuildConfiguration;
			buildSettings = {
				ASSETCATALOG_COMPILER_APPICON_NAME = AppIcon;
				ASSETCATALOG_COMPILER_GLOBAL_ACCENT_COLOR_NAME = AccentColor;
				CODE_SIGN_STYLE = Automatic;
				CURRENT_PROJECT_VERSION = 1;
				GENERATE_INFOPLIST_FILE = YES;
				INFOPLIST_FILE = "Two-Button Challenge/Info.plist";
				INFOPLIST_KEY_UIApplicationSupportsIndirectInputEvents = YES;
				INFOPLIST_KEY_UILaunchStoryboardName = LaunchScreen;
				INFOPLIST_KEY_UIMainStoryboardFile = Main;
				INFOPLIST_KEY_UISupportedInterfaceOrientations_iPad = "UIInterfaceOrientationPortrait UIInterfaceOrientationPortraitUpsideDown UIInterfaceOrientationLandscapeLeft UIInterfaceOrientationLandscapeRight";
				INFOPLIST_KEY_UISupportedInterfaceOrientations_iPhone = "UIInterfaceOrientationPortrait UIInterfaceOrientationLandscapeLeft UIInterfaceOrientationLandscapeRight";
				LD_RUNPATH_SEARCH_PATHS = (
					"$(inherited)",
					"@executable_path/Frameworks",
				);
				MARKETING_VERSION = 1.0;
				PRODUCT_BUNDLE_IDENTIFIER = "Garrett-Neher.Two-Button-Challenge";
				PRODUCT_NAME = "$(TARGET_NAME)";
				SWIFT_EMIT_LOC_STRINGS = YES;
				SWIFT_VERSION = 5.0;
				TARGETED_DEVICE_FAMILY = "1,2";
			};
			name = Debug;
		};
		7CF5E4292D168014002600CE /* Release */ = {
			isa = XCBuildConfiguration;
			buildSettings = {
				ASSETCATALOG_COMPILER_APPICON_NAME = AppIcon;
				ASSETCATALOG_COMPILER_GLOBAL_ACCENT_COLOR_NAME = AccentColor;
				CODE_SIGN_STYLE = Automatic;
				CURRENT_PROJECT_VERSION = 1;
				GENERATE_INFOPLIST_FILE = YES;
				INFOPLIST_FILE = "Two-Button Challenge/Info.plist";
				INFOPLIST_KEY_UIApplicationSupportsIndirectInputEvents = YES;
				INFOPLIST_KEY_UILaunchStoryboardName = LaunchScreen;
				INFOPLIST_KEY_UIMainStoryboardFile = Main;
				INFOPLIST_KEY_UISupportedInterfaceOrientations_iPad = "UIInterfaceOrientationPortrait UIInterfaceOrientationPortraitUpsideDown UIInterfaceOrientationLandscapeLeft UIInterfaceOrientationLandscapeRight";
				INFOPLIST_KEY_UISupportedInterfaceOrientations_iPhone = "UIInterfaceOrientationPortrait UIInterfaceOrientationLandscapeLeft UIInterfaceOrientationLandscapeRight";
				LD_RUNPATH_SEARCH_PATHS = (
					"$(inherited)",
					"@executable_path/Frameworks",
				);
				MARKETING_VERSION = 1.0;
				PRODUCT_BUNDLE_IDENTIFIER = "Garrett-Neher.Two-Button-Challenge";
				PRODUCT_NAME = "$(TARGET_NAME)";
				SWIFT_EMIT_LOC_STRINGS = YES;
				SWIFT_VERSION = 5.0;
				TARGETED_DEVICE_FAMILY = "1,2";
			};
			name = Release;
		};
		7CF5E42A2D168014002600CE /* Debug */ = {
			isa = XCBuildConfiguration;
			buildSettings = {
				ALWAYS_SEARCH_USER_PATHS = NO;
				ASSETCATALOG_COMPILER_GENERATE_SWIFT_ASSET_SYMBOL_EXTENSIONS = YES;
				CLANG_ANALYZER_NONNULL = YES;
				CLANG_ANALYZER_NUMBER_OBJECT_CONVERSION = YES_AGGRESSIVE;
				CLANG_CXX_LANGUAGE_STANDARD = "gnu++20";
				CLANG_ENABLE_MODULES = YES;
				CLANG_ENABLE_OBJC_ARC = YES;
				CLANG_ENABLE_OBJC_WEAK = YES;
				CLANG_WARN_BLOCK_CAPTURE_AUTORELEASING = YES;
				CLANG_WARN_BOOL_CONVERSION = YES;
				CLANG_WARN_COMMA = YES;
				CLANG_WARN_CONSTANT_CONVERSION = YES;
				CLANG_WARN_DEPRECATED_OBJC_IMPLEMENTATIONS = YES;
				CLANG_WARN_DIRECT_OBJC_ISA_USAGE = YES_ERROR;
				CLANG_WARN_DOCUMENTATION_COMMENTS = YES;
				CLANG_WARN_EMPTY_BODY = YES;
				CLANG_WARN_ENUM_CONVERSION = YES;
				CLANG_WARN_INFINITE_RECURSION = YES;
				CLANG_WARN_INT_CONVERSION = YES;
				CLANG_WARN_NON_LITERAL_NULL_CONVERSION = YES;
				CLANG_WARN_OBJC_IMPLICIT_RETAIN_SELF = YES;
				CLANG_WARN_OBJC_LITERAL_CONVERSION = YES;
				CLANG_WARN_OBJC_ROOT_CLASS = YES_ERROR;
				CLANG_WARN_QUOTED_INCLUDE_IN_FRAMEWORK_HEADER = YES;
				CLANG_WARN_RANGE_LOOP_ANALYSIS = YES;
				CLANG_WARN_STRICT_PROTOTYPES = YES;
				CLANG_WARN_SUSPICIOUS_MOVE = YES;
				CLANG_WARN_UNGUARDED_AVAILABILITY = YES_AGGRESSIVE;
				CLANG_WARN_UNREACHABLE_CODE = YES;
				CLANG_WARN__DUPLICATE_METHOD_MATCH = YES;
				COPY_PHASE_STRIP = NO;
				DEBUG_INFORMATION_FORMAT = dwarf;
				ENABLE_STRICT_OBJC_MSGSEND = YES;
				ENABLE_TESTABILITY = YES;
				ENABLE_USER_SCRIPT_SANDBOXING = YES;
				GCC_C_LANGUAGE_STANDARD = gnu17;
				GCC_DYNAMIC_NO_PIC = NO;
				GCC_NO_COMMON_BLOCKS = YES;
				GCC_OPTIMIZATION_LEVEL = 0;
				GCC_PREPROCESSOR_DEFINITIONS = (
					"DEBUG=1",
					"$(inherited)",
				);
				GCC_WARN_64_TO_32_BIT_CONVERSION = YES;
				GCC_WARN_ABOUT_RETURN_TYPE = YES_ERROR;
				GCC_WARN_UNDECLARED_SELECTOR = YES;
				GCC_WARN_UNINITIALIZED_AUTOS = YES_AGGRESSIVE;
				GCC_WARN_UNUSED_FUNCTION = YES;
				GCC_WARN_UNUSED_VARIABLE = YES;
				IPHONEOS_DEPLOYMENT_TARGET = 18.2;
				LOCALIZATION_PREFERS_STRING_CATALOGS = YES;
				MTL_ENABLE_DEBUG_INFO = INCLUDE_SOURCE;
				MTL_FAST_MATH = YES;
				ONLY_ACTIVE_ARCH = YES;
				SDKROOT = iphoneos;
				SWIFT_ACTIVE_COMPILATION_CONDITIONS = "DEBUG $(inherited)";
				SWIFT_OPTIMIZATION_LEVEL = "-Onone";
			};
			name = Debug;
		};
		7CF5E42B2D168014002600CE /* Release */ = {
			isa = XCBuildConfiguration;
			buildSettings = {
				ALWAYS_SEARCH_USER_PATHS = NO;
				ASSETCATALOG_COMPILER_GENERATE_SWIFT_ASSET_SYMBOL_EXTENSIONS = YES;
				CLANG_ANALYZER_NONNULL = YES;
				CLANG_ANALYZER_NUMBER_OBJECT_CONVERSION = YES_AGGRESSIVE;
				CLANG_CXX_LANGUAGE_STANDARD = "gnu++20";
				CLANG_ENABLE_MODULES = YES;
				CLANG_ENABLE_OBJC_ARC = YES;
				CLANG_ENABLE_OBJC_WEAK = YES;
				CLANG_WARN_BLOCK_CAPTURE_AUTORELEASING = YES;
				CLANG_WARN_BOOL_CONVERSION = YES;
				CLANG_WARN_COMMA = YES;
				CLANG_WARN_CONSTANT_CONVERSION = YES;
				CLANG_WARN_DEPRECATED_OBJC_IMPLEMENTATIONS = YES;
				CLANG_WARN_DIRECT_OBJC_ISA_USAGE = YES_ERROR;
				CLANG_WARN_DOCUMENTATION_COMMENTS = YES;
				CLANG_WARN_EMPTY_BODY = YES;
				CLANG_WARN_ENUM_CONVERSION = YES;
				CLANG_WARN_INFINITE_RECURSION = YES;
				CLANG_WARN_INT_CONVERSION = YES;
				CLANG_WARN_NON_LITERAL_NULL_CONVERSION = YES;
				CLANG_WARN_OBJC_IMPLICIT_RETAIN_SELF = YES;
				CLANG_WARN_OBJC_LITERAL_CONVERSION = YES;
				CLANG_WARN_OBJC_ROOT_CLASS = YES_ERROR;
				CLANG_WARN_QUOTED_INCLUDE_IN_FRAMEWORK_HEADER = YES;
				CLANG_WARN_RANGE_LOOP_ANALYSIS = YES;
				CLANG_WARN_STRICT_PROTOTYPES = YES;
				CLANG_WARN_SUSPICIOUS_MOVE = YES;
				CLANG_WARN_UNGUARDED_AVAILABILITY = YES_AGGRESSIVE;
				CLANG_WARN_UNREACHABLE_CODE = YES;
				CLANG_WARN__DUPLICATE_METHOD_MATCH = YES;
				COPY_PHASE_STRIP = NO;
				DEBUG_INFORMATION_FORMAT = "dwarf-with-dsym";
				ENABLE_NS_ASSERTIONS = NO;
				ENABLE_STRICT_OBJC_MSGSEND = YES;
				ENABLE_USER_SCRIPT_SANDBOXING = YES;
				GCC_C_LANGUAGE_STANDARD = gnu17;
				GCC_NO_COMMON_BLOCKS = YES;
				GCC_WARN_64_TO_32_BIT_CONVERSION = YES;
				GCC_WARN_ABOUT_RETURN_TYPE = YES_ERROR;
				GCC_WARN_UNDECLARED_SELECTOR = YES;
				GCC_WARN_UNINITIALIZED_AUTOS = YES_AGGRESSIVE;
				GCC_WARN_UNUSED_FUNCTION = YES;
				GCC_WARN_UNUSED_VARIABLE = YES;
				IPHONEOS_DEPLOYMENT_TARGET = 18.2;
				LOCALIZATION_PREFERS_STRING_CATALOGS = YES;
				MTL_ENABLE_DEBUG_INFO = NO;
				MTL_FAST_MATH = YES;
				SDKROOT = iphoneos;
				SWIFT_COMPILATION_MODE = wholemodule;
				VALIDATE_PRODUCT = YES;
			};
			name = Release;
		};
		7CF5E42D2D168014002600CE /* Debug */ = {
			isa = XCBuildConfiguration;
			buildSettings = {
				BUNDLE_LOADER = "$(TEST_HOST)";
				CODE_SIGN_STYLE = Automatic;
				CURRENT_PROJECT_VERSION = 1;
				GENERATE_INFOPLIST_FILE = YES;
				IPHONEOS_DEPLOYMENT_TARGET = 18.2;
				MARKETING_VERSION = 1.0;
				PRODUCT_BUNDLE_IDENTIFIER = "Garrett-Neher.Two-Button-ChallengeTests";
				PRODUCT_NAME = "$(TARGET_NAME)";
				SWIFT_EMIT_LOC_STRINGS = NO;
				SWIFT_VERSION = 5.0;
				TARGETED_DEVICE_FAMILY = "1,2";
				TEST_HOST = "$(BUILT_PRODUCTS_DIR)/Two-Button Challenge.app/$(BUNDLE_EXECUTABLE_FOLDER_PATH)/Two-Button Challenge";
			};
			name = Debug;
		};
		7CF5E42E2D168014002600CE /* Release */ = {
			isa = XCBuildConfiguration;
			buildSettings = {
				BUNDLE_LOADER = "$(TEST_HOST)";
				CODE_SIGN_STYLE = Automatic;
				CURRENT_PROJECT_VERSION = 1;
				GENERATE_INFOPLIST_FILE = YES;
				IPHONEOS_DEPLOYMENT_TARGET = 18.2;
				MARKETING_VERSION = 1.0;
				PRODUCT_BUNDLE_IDENTIFIER = "Garrett-Neher.Two-Button-ChallengeTests";
				PRODUCT_NAME = "$(TARGET_NAME)";
				SWIFT_EMIT_LOC_STRINGS = NO;
				SWIFT_VERSION = 5.0;
				TARGETED_DEVICE_FAMILY = "1,2";
				TEST_HOST = "$(BUILT_PRODUCTS_DIR)/Two-Button Challenge.app/$(BUNDLE_EXECUTABLE_FOLDER_PATH)/Two-Button Challenge";
			};
			name = Release;
		};
		7CF5E4302D168014002600CE /* Debug */ = {
			isa = XCBuildConfiguration;
			buildSettings = {
				CODE_SIGN_STYLE = Automatic;
				CURRENT_PROJECT_VERSION = 1;
				GENERATE_INFOPLIST_FILE = YES;
				MARKETING_VERSION = 1.0;
				PRODUCT_BUNDLE_IDENTIFIER = "Garrett-Neher.Two-Button-ChallengeUITests";
				PRODUCT_NAME = "$(TARGET_NAME)";
				SWIFT_EMIT_LOC_STRINGS = NO;
				SWIFT_VERSION = 5.0;
				TARGETED_DEVICE_FAMILY = "1,2";
				TEST_TARGET_NAME = "Two-Button Challenge";
			};
			name = Debug;
		};
		7CF5E4312D168014002600CE /* Release */ = {
			isa = XCBuildConfiguration;
			buildSettings = {
				CODE_SIGN_STYLE = Automatic;
				CURRENT_PROJECT_VERSION = 1;
				GENERATE_INFOPLIST_FILE = YES;
				MARKETING_VERSION = 1.0;
				PRODUCT_BUNDLE_IDENTIFIER = "Garrett-Neher.Two-Button-ChallengeUITests";
				PRODUCT_NAME = "$(TARGET_NAME)";
				SWIFT_EMIT_LOC_STRINGS = NO;
				SWIFT_VERSION = 5.0;
				TARGETED_DEVICE_FAMILY = "1,2";
				TEST_TARGET_NAME = "Two-Button Challenge";
			};
			name = Release;
		};
/* End XCBuildConfiguration section */

/* Begin XCConfigurationList section */
		7CF5E3F92D168011002600CE /* Build configuration list for PBXProject "Two-Button Challenge" */ = {
			isa = XCConfigurationList;
			buildConfigurations = (
				7CF5E42A2D168014002600CE /* Debug */,
				7CF5E42B2D168014002600CE /* Release */,
			);
			defaultConfigurationIsVisible = 0;
			defaultConfigurationName = Release;
		};
		7CF5E4272D168014002600CE /* Build configuration list for PBXNativeTarget "Two-Button Challenge" */ = {
			isa = XCConfigurationList;
			buildConfigurations = (
				7CF5E4282D168014002600CE /* Debug */,
				7CF5E4292D168014002600CE /* Release */,
			);
			defaultConfigurationIsVisible = 0;
			defaultConfigurationName = Release;
		};
		7CF5E42C2D168014002600CE /* Build configuration list for PBXNativeTarget "Two-Button ChallengeTests" */ = {
			isa = XCConfigurationList;
			buildConfigurations = (
				7CF5E42D2D168014002600CE /* Debug */,
				7CF5E42E2D168014002600CE /* Release */,
			);
			defaultConfigurationIsVisible = 0;
			defaultConfigurationName = Release;
		};
		7CF5E42F2D168014002600CE /* Build configuration list for PBXNativeTarget "Two-Button ChallengeUITests" */ = {
			isa = XCConfigurationList;
			buildConfigurations = (
				7CF5E4302D168014002600CE /* Debug */,
				7CF5E4312D168014002600CE /* Release */,
			);
			defaultConfigurationIsVisible = 0;
			defaultConfigurationName = Release;
		};
/* End XCConfigurationList section */
	};
	rootObject = 7CF5E3F62D168011002600CE /* Project object */;
}
